{
	"name": "react-chat-app",
	"version": "0.0.0",
	"lockfileVersion": 3,
	"requires": true,
	"packages": {
	  "": {
		"name": "react-chat-app",
		"version": "0.0.0",
		"dependencies": {
		  "zustand": "^4.5.2"
		},
		"devDependencies": {
		  "@types/react": "^18.2.73",
		  "@vitejs/plugin-react": "^4.2.1",
		  "eslint": "^8.57.0",
		  "eslint-plugin-react": "^7.34.1",
		  "vite": "^5.2.8"
		}
	  },
	  "node_modules/@eslint/js": {
		"version": "8.57.0",
		"resolved": "https://registry.npmjs.org/@eslint/js/-/js-8.57.0.tgz",
		"integrity": "sha512-ZA1JmeTfW8jzO3ZCqAdT26y+eJ4LUgAx5YJeWa4cR4cMiNYMbOYbTzvF7ccDn2AnvfkgH+UoUtxZuMrZ3z2v2g==",
		"dev": true,
		"engines": {
		  "node": "^18.18.0 || >=20.9.0"
		}
	  },
	  "node_modules/@vitejs/plugin-react": {
		"version": "4.2.1",
		"resolved": "https://registry.npmjs.org/@vitejs/plugin-react/-/plugin-react-4.2.1.tgz",
		"integrity": "sha512-XyTH9vCn3zHBDvqP0eRJ0eFlu8G9CWaZeyJ5u2rHzdKGL7aHFTyzV5s0NN/hE5MIvHM3z0j3cuTylk7dV8SEmA==",
		"dev": true,
		"peerDependencies": {
		  "vite": "^4.0.0 || ^5.0.0"
		}
	  },
	  "node_modules/eslint": {
		"version": "8.57.0",
		"resolved": "https://registry.npmjs.org/eslint/-/eslint-8.57.0.tgz",
		"integrity": "sha512-KJ+lGr2MH5a4fJ8QAR5AG4mtOAkLJkG+szYQaEtzJypN6Sn7Ykj4zJNzOT8DE4Ig1eD5Q/0SoON0BlPWTqZXtQ==",
		"dev": true,
		"engines": {
		  "node": "^18.18.0 || >=20.9.0"
		}
	  },
	  "node_modules/eslint-plugin-react": {
		"version": "7.34.1",
		"resolved": "https://registry.npmjs.org/eslint-plugin-react/-/eslint-plugin-react-7.34.1.tgz",
		"integrity": "sha512-vPvRmfZYHbAPXcJxgfMBQ1VKJeD+o9c3bd4Q55TOXPPxShh3K8C+ztdbXZs7EM6sM+iFDUa6m3Y99T2M0PbJHw==",
		"dev": true,
		"engines": {
		  "node": ">=4"
		},
		"peerDependencies": {
		  "eslint": "^3 || ^4 || ^5 || ^6 || ^7 || ^8"
		}
	  },
	  "node_modules/vite": {
		"version": "5.2.8",
		"resolved": "https://registry.npmjs.org/vite/-/vite-5.2.8.tgz",
		"integrity": "sha512-EUtjAQIU42fNvqQ0AIyQ9SCUPSVelVDJj+wnRDM0M1QkjDRYkT4ZQURPBeU+pI62YvOd7uUd8Il7p+8H96bSMw==",
		"dev": true,
		"engines": {
		  "node": "^18.0.0 || >=20.0.0"
		}
	  },
	  "node_modules/zustand": {
		"version": "4.5.2",
		"resolved": "https://registry.npmjs.org/zustand/-/zustand-4.5.2.tgz",
		"integrity": "sha512-5dyphg9x3/j0rVasG1kTyfZcGz1vjHRDCtBD0FTH7cISaY2zOHfUXrPY4eyQIj39RQZrFvB1WqG9cAaScgy21w==",
		"dependencies": {
		  "use-sync-external-store": "^1.2.0"
		}
	  }
	}
  }